
Microsoft Visual Studio Solution File, Format Version 12.00
# Visual Studio Version 17
VisualStudioVersion = 17.7.34024.191
MinimumVisualStudioVersion = 10.0.40219.1
Project("{FAE04EC0-301F-11D3-BF4B-00C04F79EFBC}") = "HomeworkMar18.Web", "HomeworkMar18.Web\HomeworkMar18.Web.csproj", "{A4B63265-B68E-4865-B569-D235229908D3}"
EndProject
Project("{FAE04EC0-301F-11D3-BF4B-00C04F79EFBC}") = "HomeworkMar18.Data", "HomeworkMar18.Data\HomeworkMar18.Data.csproj", "{5ECA7EA5-560C-4966-B460-73EDFFA8D652}"
EndProject
Global
	GlobalSection(SolutionConfigurationPlatforms) = preSolution
		Debug|Any CPU = Debug|Any CPU
		Release|Any CPU = Release|Any CPU
	EndGlobalSection
	GlobalSection(ProjectConfigurationPlatforms) = postSolution
		{A4B63265-B68E-4865-B569-D235229908D3}.Debug|Any CPU.ActiveCfg = Debug|Any CPU
		{A4B63265-B68E-4865-B569-D235229908D3}.Debug|Any CPU.Build.0 = Debug|Any CPU
		{A4B63265-B68E-4865-B569-D235229908D3}.Release|Any CPU.ActiveCfg = Release|Any CPU
		{A4B63265-B68E-4865-B569-D235229908D3}.Release|Any CPU.Build.0 = Release|Any CPU
		{5ECA7EA5-560C-4966-B460-73EDFFA8D652}.Debug|Any CPU.ActiveCfg = Debug|Any CPU
		{5ECA7EA5-560C-4966-B460-73EDFFA8D652}.Debug|Any CPU.Build.0 = Debug|Any CPU
		{5ECA7EA5-560C-4966-B460-73EDFFA8D652}.Release|Any CPU.ActiveCfg = Release|Any CPU
		{5ECA7EA5-560C-4966-B460-73EDFFA8D652}.Release|Any CPU.Build.0 = Release|Any CPU
	EndGlobalSection
	GlobalSection(SolutionProperties) = preSolution
		HideSolutionNode = FALSE
	EndGlobalSection
	GlobalSection(ExtensibilityGlobals) = postSolution
		SolutionGuid = {EE8DBA53-AE09-4087-875D-5BB946B58DBC}
	EndGlobalSection
EndGlobal
